
Microsoft Visual Studio Solution File, Format Version 12.00
# Visual Studio Version 16
VisualStudioVersion = 16.0.29728.190
MinimumVisualStudioVersion = 10.0.40219.1
Project("{2150E333-8FDC-42A3-9474-1A3956D46DE8}") = "1 Infrastructure", "1 Infrastructure", "{1B9B9038-4EEA-4C90-8F6D-30679CD14A4F}"
EndProject
Project("{2150E333-8FDC-42A3-9474-1A3956D46DE8}") = "2 Domain", "2 Domain", "{C1CC7C80-415E-4D92-946B-8089309DC9C1}"
EndProject
Project("{2150E333-8FDC-42A3-9474-1A3956D46DE8}") = "3 Application", "3 Application", "{5594C527-DA64-44A9-872C-FA42D17A9FFD}"
EndProject
Project("{2150E333-8FDC-42A3-9474-1A3956D46DE8}") = "4 Interface", "4 Interface", "{B21528B0-EEF9-4C07-864C-D58B3CD48520}"
EndProject
Project("{2150E333-8FDC-42A3-9474-1A3956D46DE8}") = "5 Web", "5 Web", "{7172C956-E459-43D0-80C0-F5112A97983A}"
EndProject
Project("{9A19103F-16F7-4668-BE54-9A1E7A4F7556}") = "General.Common", "General.Common\General.Common.csproj", "{58CAD1F2-7132-4064-97E6-2F44263B8517}"
EndProject
Project("{9A19103F-16F7-4668-BE54-9A1E7A4F7556}") = "General.Entity", "General.Entity\General.Entity.csproj", "{FD6F3CBA-20EC-48C0-BFA3-33F33FEE0B75}"
EndProject
Project("{9A19103F-16F7-4668-BE54-9A1E7A4F7556}") = "General.IRepository", "General.IRepository\General.IRepository.csproj", "{C15C055D-26A3-4DBC-876F-770CD20C1437}"
EndProject
Project("{9A19103F-16F7-4668-BE54-9A1E7A4F7556}") = "General.Repository", "General.Repository\General.Repository.csproj", "{A570A37C-58E7-4583-A386-DD5CF428EAD1}"
EndProject
Project("{9A19103F-16F7-4668-BE54-9A1E7A4F7556}") = "General.IService", "General.IService\General.IService.csproj", "{AB7205CB-78A6-404B-B2DB-2EE39ABB9BEF}"
EndProject
Project("{9A19103F-16F7-4668-BE54-9A1E7A4F7556}") = "General.Service", "General.Service\General.Service.csproj", "{0A4B418B-1999-4F97-9309-02A58F96D634}"
EndProject
Project("{9A19103F-16F7-4668-BE54-9A1E7A4F7556}") = "General.Framework", "General.Framework\General.Framework.csproj", "{D17921BA-BDB8-4E0D-B110-5F680BE4383F}"
EndProject
Project("{9A19103F-16F7-4668-BE54-9A1E7A4F7556}") = "General.ViewModels", "General.ViewModels\General.ViewModels.csproj", "{71F7B03A-A794-42E6-BB4E-99A313B007FB}"
EndProject
Project("{9A19103F-16F7-4668-BE54-9A1E7A4F7556}") = "General.Api", "General.Api\General.Api.csproj", "{D23A7D26-4450-40F6-A203-90936345B121}"
EndProject
Global
	GlobalSection(SolutionConfigurationPlatforms) = preSolution
		Debug|Any CPU = Debug|Any CPU
		Release|Any CPU = Release|Any CPU
	EndGlobalSection
	GlobalSection(ProjectConfigurationPlatforms) = postSolution
		{58CAD1F2-7132-4064-97E6-2F44263B8517}.Debug|Any CPU.ActiveCfg = Debug|Any CPU
		{58CAD1F2-7132-4064-97E6-2F44263B8517}.Debug|Any CPU.Build.0 = Debug|Any CPU
		{58CAD1F2-7132-4064-97E6-2F44263B8517}.Release|Any CPU.ActiveCfg = Release|Any CPU
		{58CAD1F2-7132-4064-97E6-2F44263B8517}.Release|Any CPU.Build.0 = Release|Any CPU
		{FD6F3CBA-20EC-48C0-BFA3-33F33FEE0B75}.Debug|Any CPU.ActiveCfg = Debug|Any CPU
		{FD6F3CBA-20EC-48C0-BFA3-33F33FEE0B75}.Debug|Any CPU.Build.0 = Debug|Any CPU
		{FD6F3CBA-20EC-48C0-BFA3-33F33FEE0B75}.Release|Any CPU.ActiveCfg = Release|Any CPU
		{FD6F3CBA-20EC-48C0-BFA3-33F33FEE0B75}.Release|Any CPU.Build.0 = Release|Any CPU
		{C15C055D-26A3-4DBC-876F-770CD20C1437}.Debug|Any CPU.ActiveCfg = Debug|Any CPU
		{C15C055D-26A3-4DBC-876F-770CD20C1437}.Debug|Any CPU.Build.0 = Debug|Any CPU
		{C15C055D-26A3-4DBC-876F-770CD20C1437}.Release|Any CPU.ActiveCfg = Release|Any CPU
		{C15C055D-26A3-4DBC-876F-770CD20C1437}.Release|Any CPU.Build.0 = Release|Any CPU
		{A570A37C-58E7-4583-A386-DD5CF428EAD1}.Debug|Any CPU.ActiveCfg = Debug|Any CPU
		{A570A37C-58E7-4583-A386-DD5CF428EAD1}.Debug|Any CPU.Build.0 = Debug|Any CPU
		{A570A37C-58E7-4583-A386-DD5CF428EAD1}.Release|Any CPU.ActiveCfg = Release|Any CPU
		{A570A37C-58E7-4583-A386-DD5CF428EAD1}.Release|Any CPU.Build.0 = Release|Any CPU
		{AB7205CB-78A6-404B-B2DB-2EE39ABB9BEF}.Debug|Any CPU.ActiveCfg = Debug|Any CPU
		{AB7205CB-78A6-404B-B2DB-2EE39ABB9BEF}.Debug|Any CPU.Build.0 = Debug|Any CPU
		{AB7205CB-78A6-404B-B2DB-2EE39ABB9BEF}.Release|Any CPU.ActiveCfg = Release|Any CPU
		{AB7205CB-78A6-404B-B2DB-2EE39ABB9BEF}.Release|Any CPU.Build.0 = Release|Any CPU
		{0A4B418B-1999-4F97-9309-02A58F96D634}.Debug|Any CPU.ActiveCfg = Debug|Any CPU
		{0A4B418B-1999-4F97-9309-02A58F96D634}.Debug|Any CPU.Build.0 = Debug|Any CPU
		{0A4B418B-1999-4F97-9309-02A58F96D634}.Release|Any CPU.ActiveCfg = Release|Any CPU
		{0A4B418B-1999-4F97-9309-02A58F96D634}.Release|Any CPU.Build.0 = Release|Any CPU
		{D17921BA-BDB8-4E0D-B110-5F680BE4383F}.Debug|Any CPU.ActiveCfg = Debug|Any CPU
		{D17921BA-BDB8-4E0D-B110-5F680BE4383F}.Debug|Any CPU.Build.0 = Debug|Any CPU
		{D17921BA-BDB8-4E0D-B110-5F680BE4383F}.Release|Any CPU.ActiveCfg = Release|Any CPU
		{D17921BA-BDB8-4E0D-B110-5F680BE4383F}.Release|Any CPU.Build.0 = Release|Any CPU
		{71F7B03A-A794-42E6-BB4E-99A313B007FB}.Debug|Any CPU.ActiveCfg = Debug|Any CPU
		{71F7B03A-A794-42E6-BB4E-99A313B007FB}.Debug|Any CPU.Build.0 = Debug|Any CPU
		{71F7B03A-A794-42E6-BB4E-99A313B007FB}.Release|Any CPU.ActiveCfg = Release|Any CPU
		{71F7B03A-A794-42E6-BB4E-99A313B007FB}.Release|Any CPU.Build.0 = Release|Any CPU
		{D23A7D26-4450-40F6-A203-90936345B121}.Debug|Any CPU.ActiveCfg = Debug|Any CPU
		{D23A7D26-4450-40F6-A203-90936345B121}.Debug|Any CPU.Build.0 = Debug|Any CPU
		{D23A7D26-4450-40F6-A203-90936345B121}.Release|Any CPU.ActiveCfg = Release|Any CPU
		{D23A7D26-4450-40F6-A203-90936345B121}.Release|Any CPU.Build.0 = Release|Any CPU
	EndGlobalSection
	GlobalSection(SolutionProperties) = preSolution
		HideSolutionNode = FALSE
	EndGlobalSection
	GlobalSection(NestedProjects) = preSolution
		{58CAD1F2-7132-4064-97E6-2F44263B8517} = {1B9B9038-4EEA-4C90-8F6D-30679CD14A4F}
		{FD6F3CBA-20EC-48C0-BFA3-33F33FEE0B75} = {C1CC7C80-415E-4D92-946B-8089309DC9C1}
		{C15C055D-26A3-4DBC-876F-770CD20C1437} = {C1CC7C80-415E-4D92-946B-8089309DC9C1}
		{A570A37C-58E7-4583-A386-DD5CF428EAD1} = {C1CC7C80-415E-4D92-946B-8089309DC9C1}
		{AB7205CB-78A6-404B-B2DB-2EE39ABB9BEF} = {5594C527-DA64-44A9-872C-FA42D17A9FFD}
		{0A4B418B-1999-4F97-9309-02A58F96D634} = {5594C527-DA64-44A9-872C-FA42D17A9FFD}
		{D17921BA-BDB8-4E0D-B110-5F680BE4383F} = {5594C527-DA64-44A9-872C-FA42D17A9FFD}
		{71F7B03A-A794-42E6-BB4E-99A313B007FB} = {1B9B9038-4EEA-4C90-8F6D-30679CD14A4F}
		{D23A7D26-4450-40F6-A203-90936345B121} = {B21528B0-EEF9-4C07-864C-D58B3CD48520}
	EndGlobalSection
	GlobalSection(ExtensibilityGlobals) = postSolution
		SolutionGuid = {3B921F73-4279-46CF-B315-B46FB14BAA0C}
	EndGlobalSection
EndGlobal
